# This file was autogenerated by Stack.
# You should not edit this file by hand.
# For more information, please see the documentation at:
#   https://docs.haskellstack.org/en/stable/lock_files

packages:
- completed:
    cabal-file:
      size: 2029
      sha256: 2491b2853a1aa2cfd89729e89b8cff4307e939a71d5b22bb449348e1f98d3992
    name: peml
    version: 0.1.0.0
    git: https://github.com/orchestracities/peml.git
    pantry-tree:
      size: 1358
      sha256: 06e574a2e7bd48eb7e86c61c227c3efce0a9ed9b738de6a0d39df03857455b25
    commit: 2ce530c7cf4d3efc2318f00e0dae244f2574d83d
  original:
    git: https://github.com/orchestracities/peml.git
    commit: 2ce530c7cf4d3efc2318f00e0dae244f2574d83d
snapshots:
- completed:
    size: 488576
    url: https://raw.githubusercontent.com/commercialhaskell/stackage-snapshots/master/lts/15/0.yaml
    sha256: e4b6a87b47ec1cf63a7f1a0884a3b276fce2b0d174a10e8753c4f618e7983568
  original: lts-15.0
